// !$*UTF8*$!
{
	archiveVersion = 1;
	classes = {
	};
	objectVersion = 50;
	objects = {

/* Begin PBXBuildFile section */
		D754777D2453FF27007D0E38 /* AppDelegate.swift in Sources */ = {isa = PBXBuildFile; fileRef = D754777C2453FF27007D0E38 /* AppDelegate.swift */; };
		D754777F2453FF27007D0E38 /* SceneDelegate.swift in Sources */ = {isa = PBXBuildFile; fileRef = D754777E2453FF27007D0E38 /* SceneDelegate.swift */; };
		D75477812453FF27007D0E38 /* ViewController.swift in Sources */ = {isa = PBXBuildFile; fileRef = D75477802453FF27007D0E38 /* ViewController.swift */; };
		D75477842453FF27007D0E38 /* Main.storyboard in Resources */ = {isa = PBXBuildFile; fileRef = D75477822453FF27007D0E38 /* Main.storyboard */; };
		D75477862453FF28007D0E38 /* Assets.xcassets in Resources */ = {isa = PBXBuildFile; fileRef = D75477852453FF28007D0E38 /* Assets.xcassets */; };
		D75477892453FF28007D0E38 /* LaunchScreen.storyboard in Resources */ = {isa = PBXBuildFile; fileRef = D75477872453FF28007D0E38 /* LaunchScreen.storyboard */; };
		D75477942453FF28007D0E38 /* _ndSeminarTests.swift in Sources */ = {isa = PBXBuildFile; fileRef = D75477932453FF28007D0E38 /* _ndSeminarTests.swift */; };
		D754779F2453FF28007D0E38 /* _ndSeminarUITests.swift in Sources */ = {isa = PBXBuildFile; fileRef = D754779E2453FF28007D0E38 /* _ndSeminarUITests.swift */; };
/* End PBXBuildFile section */

/* Begin PBXContainerItemProxy section */
		D75477902453FF28007D0E38 /* PBXContainerItemProxy */ = {
			isa = PBXContainerItemProxy;
			containerPortal = D75477712453FF27007D0E38 /* Project object */;
			proxyType = 1;
			remoteGlobalIDString = D75477782453FF27007D0E38;
			remoteInfo = 2ndSeminar;
		};
		D754779B2453FF28007D0E38 /* PBXContainerItemProxy */ = {
			isa = PBXContainerItemProxy;
			containerPortal = D75477712453FF27007D0E38 /* Project object */;
			proxyType = 1;
			remoteGlobalIDString = D75477782453FF27007D0E38;
			remoteInfo = 2ndSeminar;
		};
/* End PBXContainerItemProxy section */

/* Begin PBXFileReference section */
		D75477792453FF27007D0E38 /* 2ndSeminar.app */ = {isa = PBXFileReference; explicitFileType = wrapper.application; includeInIndex = 0; path = 2ndSeminar.app; sourceTree = BUILT_PRODUCTS_DIR; };
		D754777C2453FF27007D0E38 /* AppDelegate.swift */ = {isa = PBXFileReference; lastKnownFileType = sourcecode.swift; path = AppDelegate.swift; sourceTree = "<group>"; };
		D754777E2453FF27007D0E38 /* SceneDelegate.swift */ = {isa = PBXFileReference; lastKnownFileType = sourcecode.swift; path = SceneDelegate.swift; sourceTree = "<group>"; };
		D75477802453FF27007D0E38 /* ViewController.swift */ = {isa = PBXFileReference; lastKnownFileType = sourcecode.swift; path = ViewController.swift; sourceTree = "<group>"; };
		D75477832453FF27007D0E38 /* Base */ = {isa = PBXFileReference; lastKnownFileType = file.storyboard; name = Base; path = Base.lproj/Main.storyboard; sourceTree = "<group>"; };
		D75477852453FF28007D0E38 /* Assets.xcassets */ = {isa = PBXFileReference; lastKnownFileType = folder.assetcatalog; path = Assets.xcassets; sourceTree = "<group>"; };
		D75477882453FF28007D0E38 /* Base */ = {isa = PBXFileReference; lastKnownFileType = file.storyboard; name = Base; path = Base.lproj/LaunchScreen.storyboard; sourceTree = "<group>"; };
		D754778A2453FF28007D0E38 /* Info.plist */ = {isa = PBXFileReference; lastKnownFileType = text.plist.xml; path = Info.plist; sourceTree = "<group>"; };
		D754778F2453FF28007D0E38 /* 2ndSeminarTests.xctest */ = {isa = PBXFileReference; explicitFileType = wrapper.cfbundle; includeInIndex = 0; path = 2ndSeminarTests.xctest; sourceTree = BUILT_PRODUCTS_DIR; };
		D75477932453FF28007D0E38 /* _ndSeminarTests.swift */ = {isa = PBXFileReference; lastKnownFileType = sourcecode.swift; path = _ndSeminarTests.swift; sourceTree = "<group>"; };
		D75477952453FF28007D0E38 /* Info.plist */ = {isa = PBXFileReference; lastKnownFileType = text.plist.xml; path = Info.plist; sourceTree = "<group>"; };
		D754779A2453FF28007D0E38 /* 2ndSeminarUITests.xctest */ = {isa = PBXFileReference; explicitFileType = wrapper.cfbundle; includeInIndex = 0; path = 2ndSeminarUITests.xctest; sourceTree = BUILT_PRODUCTS_DIR; };
		D754779E2453FF28007D0E38 /* _ndSeminarUITests.swift */ = {isa = PBXFileReference; lastKnownFileType = sourcecode.swift; path = _ndSeminarUITests.swift; sourceTree = "<group>"; };
		D75477A02453FF28007D0E38 /* Info.plist */ = {isa = PBXFileReference; lastKnownFileType = text.plist.xml; path = Info.plist; sourceTree = "<group>"; };
/* End PBXFileReference section */

/* Begin PBXFrameworksBuildPhase section */
		D75477762453FF27007D0E38 /* Frameworks */ = {
			isa = PBXFrameworksBuildPhase;
			buildActionMask = 2147483647;
			files = (
			);
			runOnlyForDeploymentPostprocessing = 0;
		};
		D754778C2453FF28007D0E38 /* Frameworks */ = {
			isa = PBXFrameworksBuildPhase;
			buildActionMask = 2147483647;
			files = (
			);
			runOnlyForDeploymentPostprocessing = 0;
		};
		D75477972453FF28007D0E38 /* Frameworks */ = {
			isa = PBXFrameworksBuildPhase;
			buildActionMask = 2147483647;
			files = (
			);
			runOnlyForDeploymentPostprocessing = 0;
		};
/* End PBXFrameworksBuildPhase section */

/* Begin PBXGroup section */
		D75477702453FF27007D0E38 = {
			isa = PBXGroup;
			children = (
				D754777B2453FF27007D0E38 /* 2ndSeminar */,
				D75477922453FF28007D0E38 /* 2ndSeminarTests */,
				D754779D2453FF28007D0E38 /* 2ndSeminarUITests */,
				D754777A2453FF27007D0E38 /* Products */,
			);
			sourceTree = "<group>";
		};
		D754777A2453FF27007D0E38 /* Products */ = {
			isa = PBXGroup;
			children = (
				D75477792453FF27007D0E38 /* 2ndSeminar.app */,
				D754778F2453FF28007D0E38 /* 2ndSeminarTests.xctest */,
				D754779A2453FF28007D0E38 /* 2ndSeminarUITests.xctest */,
			);
			name = Products;
			sourceTree = "<group>";
		};
		D754777B2453FF27007D0E38 /* 2ndSeminar */ = {
			isa = PBXGroup;
			children = (
				D754777C2453FF27007D0E38 /* AppDelegate.swift */,
				D754777E2453FF27007D0E38 /* SceneDelegate.swift */,
				D75477802453FF27007D0E38 /* ViewController.swift */,
				D75477822453FF27007D0E38 /* Main.storyboard */,
				D75477852453FF28007D0E38 /* Assets.xcassets */,
				D75477872453FF28007D0E38 /* LaunchScreen.storyboard */,
				D754778A2453FF28007D0E38 /* Info.plist */,
			);
			path = 2ndSeminar;
			sourceTree = "<group>";
		};
		D75477922453FF28007D0E38 /* 2ndSeminarTests */ = {
			isa = PBXGroup;
			children = (
				D75477932453FF28007D0E38 /* _ndSeminarTests.swift */,
				D75477952453FF28007D0E38 /* Info.plist */,
			);
			path = 2ndSeminarTests;
			sourceTree = "<group>";
		};
		D754779D2453FF28007D0E38 /* 2ndSeminarUITests */ = {
			isa = PBXGroup;
			children = (
				D754779E2453FF28007D0E38 /* _ndSeminarUITests.swift */,
				D75477A02453FF28007D0E38 /* Info.plist */,
			);
			path = 2ndSeminarUITests;
			sourceTree = "<group>";
		};
/* End PBXGroup section */

/* Begin PBXNativeTarget section */
		D75477782453FF27007D0E38 /* 2ndSeminar */ = {
			isa = PBXNativeTarget;
			buildConfigurationList = D75477A32453FF28007D0E38 /* Build configuration list for PBXNativeTarget "2ndSeminar" */;
			buildPhases = (
				D75477752453FF27007D0E38 /* Sources */,
				D75477762453FF27007D0E38 /* Frameworks */,
				D75477772453FF27007D0E38 /* Resources */,
			);
			buildRules = (
			);
			dependencies = (
			);
			name = 2ndSeminar;
			productName = 2ndSeminar;
			productReference = D75477792453FF27007D0E38 /* 2ndSeminar.app */;
			productType = "com.apple.product-type.application";
		};
		D754778E2453FF28007D0E38 /* 2ndSeminarTests */ = {
			isa = PBXNativeTarget;
			buildConfigurationList = D75477A62453FF28007D0E38 /* Build configuration list for PBXNativeTarget "2ndSeminarTests" */;
			buildPhases = (
				D754778B2453FF28007D0E38 /* Sources */,
				D754778C2453FF28007D0E38 /* Frameworks */,
				D754778D2453FF28007D0E38 /* Resources */,
			);
			buildRules = (
			);
			dependencies = (
				D75477912453FF28007D0E38 /* PBXTargetDependency */,
			);
			name = 2ndSeminarTests;
			productName = 2ndSeminarTests;
			productReference = D754778F2453FF28007D0E38 /* 2ndSeminarTests.xctest */;
			productType = "com.apple.product-type.bundle.unit-test";
		};
		D75477992453FF28007D0E38 /* 2ndSeminarUITests */ = {
			isa = PBXNativeTarget;
			buildConfigurationList = D75477A92453FF28007D0E38 /* Build configuration list for PBXNativeTarget "2ndSeminarUITests" */;
			buildPhases = (
				D75477962453FF28007D0E38 /* Sources */,
				D75477972453FF28007D0E38 /* Frameworks */,
				D75477982453FF28007D0E38 /* Resources */,
			);
			buildRules = (
			);
			dependencies = (
				D754779C2453FF28007D0E38 /* PBXTargetDependency */,
			);
			name = 2ndSeminarUITests;
			productName = 2ndSeminarUITests;
			productReference = D754779A2453FF28007D0E38 /* 2ndSeminarUITests.xctest */;
			productType = "com.apple.product-type.bundle.ui-testing";
		};
/* End PBXNativeTarget section */

/* Begin PBXProject section */
		D75477712453FF27007D0E38 /* Project object */ = {
			isa = PBXProject;
			attributes = {
				LastSwiftUpdateCheck = 1140;
				LastUpgradeCheck = 1140;
				ORGANIZATIONNAME = "이지윤";
				TargetAttributes = {
					D75477782453FF27007D0E38 = {
						CreatedOnToolsVersion = 11.4;
					};
					D754778E2453FF28007D0E38 = {
						CreatedOnToolsVersion = 11.4;
						TestTargetID = D75477782453FF27007D0E38;
					};
					D75477992453FF28007D0E38 = {
						CreatedOnToolsVersion = 11.4;
						TestTargetID = D75477782453FF27007D0E38;
					};
				};
			};
			buildConfigurationList = D75477742453FF27007D0E38 /* Build configuration list for PBXProject "2ndSeminar" */;
			compatibilityVersion = "Xcode 9.3";
			developmentRegion = en;
			hasScannedForEncodings = 0;
			knownRegions = (
				en,
				Base,
			);
			mainGroup = D75477702453FF27007D0E38;
			productRefGroup = D754777A2453FF27007D0E38 /* Products */;
			projectDirPath = "";
			projectRoot = "";
			targets = (
				D75477782453FF27007D0E38 /* 2ndSeminar */,
				D754778E2453FF28007D0E38 /* 2ndSeminarTests */,
				D75477992453FF28007D0E38 /* 2ndSeminarUITests */,
			);
		};
/* End PBXProject section */

/* Begin PBXResourcesBuildPhase section */
		D75477772453FF27007D0E38 /* Resources */ = {
			isa = PBXResourcesBuildPhase;
			buildActionMask = 2147483647;
			files = (
				D75477892453FF28007D0E38 /* LaunchScreen.storyboard in Resources */,
				D75477862453FF28007D0E38 /* Assets.xcassets in Resources */,
				D75477842453FF27007D0E38 /* Main.storyboard in Resources */,
			);
			runOnlyForDeploymentPostprocessing = 0;
		};
		D754778D2453FF28007D0E38 /* Resources */ = {
			isa = PBXResourcesBuildPhase;
			buildActionMask = 2147483647;
			files = (
			);
			runOnlyForDeploymentPostprocessing = 0;
		};
		D75477982453FF28007D0E38 /* Resources */ = {
			isa = PBXResourcesBuildPhase;
			buildActionMask = 2147483647;
			files = (
			);
			runOnlyForDeploymentPostprocessing = 0;
		};
/* End PBXResourcesBuildPhase section */

/* Begin PBXSourcesBuildPhase section */
		D75477752453FF27007D0E38 /* Sources */ = {
			isa = PBXSourcesBuildPhase;
			buildActionMask = 2147483647;
			files = (
				D75477812453FF27007D0E38 /* ViewController.swift in Sources */,
				D754777D2453FF27007D0E38 /* AppDelegate.swift in Sources */,
				D754777F2453FF27007D0E38 /* SceneDelegate.swift in Sources */,
			);
			runOnlyForDeploymentPostprocessing = 0;
		};
		D754778B2453FF28007D0E38 /* Sources */ = {
			isa = PBXSourcesBuildPhase;
			buildActionMask = 2147483647;
			files = (
				D75477942453FF28007D0E38 /* _ndSeminarTests.swift in Sources */,
			);
			runOnlyForDeploymentPostprocessing = 0;
		};
		D75477962453FF28007D0E38 /* Sources */ = {
			isa = PBXSourcesBuildPhase;
			buildActionMask = 2147483647;
			files = (
				D754779F2453FF28007D0E38 /* _ndSeminarUITests.swift in Sources */,
			);
			runOnlyForDeploymentPostprocessing = 0;
		};
/* End PBXSourcesBuildPhase section */

/* Begin PBXTargetDependency section */
		D75477912453FF28007D0E38 /* PBXTargetDependency */ = {
			isa = PBXTargetDependency;
			target = D75477782453FF27007D0E38 /* 2ndSeminar */;
			targetProxy = D75477902453FF28007D0E38 /* PBXContainerItemProxy */;
		};
		D754779C2453FF28007D0E38 /* PBXTargetDependency */ = {
			isa = PBXTargetDependency;
			target = D75477782453FF27007D0E38 /* 2ndSeminar */;
			targetProxy = D754779B2453FF28007D0E38 /* PBXContainerItemProxy */;
		};
/* End PBXTargetDependency section */

/* Begin PBXVariantGroup section */
		D75477822453FF27007D0E38 /* Main.storyboard */ = {
			isa = PBXVariantGroup;
			children = (
				D75477832453FF27007D0E38 /* Base */,
			);
			name = Main.storyboard;
			sourceTree = "<group>";
		};
		D75477872453FF28007D0E38 /* LaunchScreen.storyboard */ = {
			isa = PBXVariantGroup;
			children = (
				D75477882453FF28007D0E38 /* Base */,
			);
			name = LaunchScreen.storyboard;
			sourceTree = "<group>";
		};
/* End PBXVariantGroup section */

/* Begin XCBuildConfiguration section */
		D75477A12453FF28007D0E38 /* Debug */ = {
			isa = XCBuildConfiguration;
			buildSettings = {
				ALWAYS_SEARCH_USER_PATHS = NO;
				CLANG_ANALYZER_NONNULL = YES;
				CLANG_ANALYZER_NUMBER_OBJECT_CONVERSION = YES_AGGRESSIVE;
				CLANG_CXX_LANGUAGE_STANDARD = "gnu++14";
				CLANG_CXX_LIBRARY = "libc++";
				CLANG_ENABLE_MODULES = YES;
				CLANG_ENABLE_OBJC_ARC = YES;
				CLANG_ENABLE_OBJC_WEAK = YES;
				CLANG_WARN_BLOCK_CAPTURE_AUTORELEASING = YES;
				CLANG_WARN_BOOL_CONVERSION = YES;
				CLANG_WARN_COMMA = YES;
				CLANG_WARN_CONSTANT_CONVERSION = YES;
				CLANG_WARN_DEPRECATED_OBJC_IMPLEMENTATIONS = YES;
				CLANG_WARN_DIRECT_OBJC_ISA_USAGE = YES_ERROR;
				CLANG_WARN_DOCUMENTATION_COMMENTS = YES;
				CLANG_WARN_EMPTY_BODY = YES;
				CLANG_WARN_ENUM_CONVERSION = YES;
				CLANG_WARN_INFINITE_RECURSION = YES;
				CLANG_WARN_INT_CONVERSION = YES;
				CLANG_WARN_NON_LITERAL_NULL_CONVERSION = YES;
				CLANG_WARN_OBJC_IMPLICIT_RETAIN_SELF = YES;
				CLANG_WARN_OBJC_LITERAL_CONVERSION = YES;
				CLANG_WARN_OBJC_ROOT_CLASS = YES_ERROR;
				CLANG_WARN_RANGE_LOOP_ANALYSIS = YES;
				CLANG_WARN_STRICT_PROTOTYPES = YES;
				CLANG_WARN_SUSPICIOUS_MOVE = YES;
				CLANG_WARN_UNGUARDED_AVAILABILITY = YES_AGGRESSIVE;
				CLANG_WARN_UNREACHABLE_CODE = YES;
				CLANG_WARN__DUPLICATE_METHOD_MATCH = YES;
				COPY_PHASE_STRIP = NO;
				DEBUG_INFORMATION_FORMAT = dwarf;
				ENABLE_STRICT_OBJC_MSGSEND = YES;
				ENABLE_TESTABILITY = YES;
				GCC_C_LANGUAGE_STANDARD = gnu11;
				GCC_DYNAMIC_NO_PIC = NO;
				GCC_NO_COMMON_BLOCKS = YES;
				GCC_OPTIMIZATION_LEVEL = 0;
				GCC_PREPROCESSOR_DEFINITIONS = (
					"DEBUG=1",
					"$(inherited)",
				);
				GCC_WARN_64_TO_32_BIT_CONVERSION = YES;
				GCC_WARN_ABOUT_RETURN_TYPE = YES_ERROR;
				GCC_WARN_UNDECLARED_SELECTOR = YES;
				GCC_WARN_UNINITIALIZED_AUTOS = YES_AGGRESSIVE;
				GCC_WARN_UNUSED_FUNCTION = YES;
				GCC_WARN_UNUSED_VARIABLE = YES;
				IPHONEOS_DEPLOYMENT_TARGET = 13.4;
				MTL_ENABLE_DEBUG_INFO = INCLUDE_SOURCE;
				MTL_FAST_MATH = YES;
				ONLY_ACTIVE_ARCH = YES;
				SDKROOT = iphoneos;
				SWIFT_ACTIVE_COMPILATION_CONDITIONS = DEBUG;
				SWIFT_OPTIMIZATION_LEVEL = "-Onone";
			};
			name = Debug;
		};
		D75477A22453FF28007D0E38 /* Release */ = {
			isa = XCBuildConfiguration;
			buildSettings = {
				ALWAYS_SEARCH_USER_PATHS = NO;
				CLANG_ANALYZER_NONNULL = YES;
				CLANG_ANALYZER_NUMBER_OBJECT_CONVERSION = YES_AGGRESSIVE;
				CLANG_CXX_LANGUAGE_STANDARD = "gnu++14";
				CLANG_CXX_LIBRARY = "libc++";
				CLANG_ENABLE_MODULES = YES;
				CLANG_ENABLE_OBJC_ARC = YES;
				CLANG_ENABLE_OBJC_WEAK = YES;
				CLANG_WARN_BLOCK_CAPTURE_AUTORELEASING = YES;
				CLANG_WARN_BOOL_CONVERSION = YES;
				CLANG_WARN_COMMA = YES;
				CLANG_WARN_CONSTANT_CONVERSION = YES;
				CLANG_WARN_DEPRECATED_OBJC_IMPLEMENTATIONS = YES;
				CLANG_WARN_DIRECT_OBJC_ISA_USAGE = YES_ERROR;
				CLANG_WARN_DOCUMENTATION_COMMENTS = YES;
				CLANG_WARN_EMPTY_BODY = YES;
				CLANG_WARN_ENUM_CONVERSION = YES;
				CLANG_WARN_INFINITE_RECURSION = YES;
				CLANG_WARN_INT_CONVERSION = YES;
				CLANG_WARN_NON_LITERAL_NULL_CONVERSION = YES;
				CLANG_WARN_OBJC_IMPLICIT_RETAIN_SELF = YES;
				CLANG_WARN_OBJC_LITERAL_CONVERSION = YES;
				CLANG_WARN_OBJC_ROOT_CLASS = YES_ERROR;
				CLANG_WARN_RANGE_LOOP_ANALYSIS = YES;
				CLANG_WARN_STRICT_PROTOTYPES = YES;
				CLANG_WARN_SUSPICIOUS_MOVE = YES;
				CLANG_WARN_UNGUARDED_AVAILABILITY = YES_AGGRESSIVE;
				CLANG_WARN_UNREACHABLE_CODE = YES;
				CLANG_WARN__DUPLICATE_METHOD_MATCH = YES;
				COPY_PHASE_STRIP = NO;
				DEBUG_INFORMATION_FORMAT = "dwarf-with-dsym";
				ENABLE_NS_ASSERTIONS = NO;
				ENABLE_STRICT_OBJC_MSGSEND = YES;
				GCC_C_LANGUAGE_STANDARD = gnu11;
				GCC_NO_COMMON_BLOCKS = YES;
				GCC_WARN_64_TO_32_BIT_CONVERSION = YES;
				GCC_WARN_ABOUT_RETURN_TYPE = YES_ERROR;
				GCC_WARN_UNDECLARED_SELECTOR = YES;
				GCC_WARN_UNINITIALIZED_AUTOS = YES_AGGRESSIVE;
				GCC_WARN_UNUSED_FUNCTION = YES;
				GCC_WARN_UNUSED_VARIABLE = YES;
				IPHONEOS_DEPLOYMENT_TARGET = 13.4;
				MTL_ENABLE_DEBUG_INFO = NO;
				MTL_FAST_MATH = YES;
				SDKROOT = iphoneos;
				SWIFT_COMPILATION_MODE = wholemodule;
				SWIFT_OPTIMIZATION_LEVEL = "-O";
				VALIDATE_PRODUCT = YES;
			};
			name = Release;
		};
		D75477A42453FF28007D0E38 /* Debug */ = {
			isa = XCBuildConfiguration;
			buildSettings = {
				ASSETCATALOG_COMPILER_APPICON_NAME = AppIcon;
				CODE_SIGN_STYLE = Automatic;
				DEVELOPMENT_TEAM = 6JRALDJVZZ;
				INFOPLIST_FILE = 2ndSeminar/Info.plist;
				LD_RUNPATH_SEARCH_PATHS = (
					"$(inherited)",
					"@executable_path/Frameworks",
				);
				PRODUCT_BUNDLE_IDENTIFIER = "SOPT-iOS.-ndSeminar";
				PRODUCT_NAME = "$(TARGET_NAME)";
				SWIFT_VERSION = 5.0;
				TARGETED_DEVICE_FAMILY = "1,2";
			};
			name = Debug;
		};
		D75477A52453FF28007D0E38 /* Release */ = {
			isa = XCBuildConfiguration;
			buildSettings = {
				ASSETCATALOG_COMPILER_APPICON_NAME = AppIcon;
				CODE_SIGN_STYLE = Automatic;
				DEVELOPMENT_TEAM = 6JRALDJVZZ;
				INFOPLIST_FILE = 2ndSeminar/Info.plist;
				LD_RUNPATH_SEARCH_PATHS = (
					"$(inherited)",
					"@executable_path/Frameworks",
				);
				PRODUCT_BUNDLE_IDENTIFIER = "SOPT-iOS.-ndSeminar";
				PRODUCT_NAME = "$(TARGET_NAME)";
				SWIFT_VERSION = 5.0;
				TARGETED_DEVICE_FAMILY = "1,2";
			};
			name = Release;
		};
		D75477A72453FF28007D0E38 /* Debug */ = {
			isa = XCBuildConfiguration;
			buildSettings = {
				ALWAYS_EMBED_SWIFT_STANDARD_LIBRARIES = YES;
				BUNDLE_LOADER = "$(TEST_HOST)";
				CODE_SIGN_STYLE = Automatic;
				DEVELOPMENT_TEAM = 6JRALDJVZZ;
				INFOPLIST_FILE = 2ndSeminarTests/Info.plist;
				IPHONEOS_DEPLOYMENT_TARGET = 13.4;
				LD_RUNPATH_SEARCH_PATHS = (
					"$(inherited)",
					"@executable_path/Frameworks",
					"@loader_path/Frameworks",
				);
				PRODUCT_BUNDLE_IDENTIFIER = "SOPT-iOS.-ndSeminarTests";
				PRODUCT_NAME = "$(TARGET_NAME)";
				SWIFT_VERSION = 5.0;
				TARGETED_DEVICE_FAMILY = "1,2";
				TEST_HOST = "$(BUILT_PRODUCTS_DIR)/2ndSeminar.app/2ndSeminar";
			};
			name = Debug;
		};
		D75477A82453FF28007D0E38 /* Release */ = {
			isa = XCBuildConfiguration;
			buildSettings = {
				ALWAYS_EMBED_SWIFT_STANDARD_LIBRARIES = YES;
				BUNDLE_LOADER = "$(TEST_HOST)";
				CODE_SIGN_STYLE = Automatic;
				DEVELOPMENT_TEAM = 6JRALDJVZZ;
				INFOPLIST_FILE = 2ndSeminarTests/Info.plist;
				IPHONEOS_DEPLOYMENT_TARGET = 13.4;
				LD_RUNPATH_SEARCH_PATHS = (
					"$(inherited)",
					"@executable_path/Frameworks",
					"@loader_path/Frameworks",
				);
				PRODUCT_BUNDLE_IDENTIFIER = "SOPT-iOS.-ndSeminarTests";
				PRODUCT_NAME = "$(TARGET_NAME)";
				SWIFT_VERSION = 5.0;
				TARGETED_DEVICE_FAMILY = "1,2";
				TEST_HOST = "$(BUILT_PRODUCTS_DIR)/2ndSeminar.app/2ndSeminar";
			};
			name = Release;
		};
		D75477AA2453FF28007D0E38 /* Debug */ = {
			isa = XCBuildConfiguration;
			buildSettings = {
				ALWAYS_EMBED_SWIFT_STANDARD_LIBRARIES = YES;
				CODE_SIGN_STYLE = Automatic;
				DEVELOPMENT_TEAM = 6JRALDJVZZ;
				INFOPLIST_FILE = 2ndSeminarUITests/Info.plist;
				LD_RUNPATH_SEARCH_PATHS = (
					"$(inherited)",
					"@executable_path/Frameworks",
					"@loader_path/Frameworks",
				);
				PRODUCT_BUNDLE_IDENTIFIER = "SOPT-iOS.-ndSeminarUITests";
				PRODUCT_NAME = "$(TARGET_NAME)";
				SWIFT_VERSION = 5.0;
				TARGETED_DEVICE_FAMILY = "1,2";
				TEST_TARGET_NAME = 2ndSeminar;
			};
			name = Debug;
		};
		D75477AB2453FF28007D0E38 /* Release */ = {
			isa = XCBuildConfiguration;
			buildSettings = {
				ALWAYS_EMBED_SWIFT_STANDARD_LIBRARIES = YES;
				CODE_SIGN_STYLE = Automatic;
				DEVELOPMENT_TEAM = 6JRALDJVZZ;
				INFOPLIST_FILE = 2ndSeminarUITests/Info.plist;
				LD_RUNPATH_SEARCH_PATHS = (
					"$(inherited)",
					"@executable_path/Frameworks",
					"@loader_path/Frameworks",
				);
				PRODUCT_BUNDLE_IDENTIFIER = "SOPT-iOS.-ndSeminarUITests";
				PRODUCT_NAME = "$(TARGET_NAME)";
				SWIFT_VERSION = 5.0;
				TARGETED_DEVICE_FAMILY = "1,2";
				TEST_TARGET_NAME = 2ndSeminar;
			};
			name = Release;
		};
/* End XCBuildConfiguration section */

/* Begin XCConfigurationList section */
		D75477742453FF27007D0E38 /* Build configuration list for PBXProject "2ndSeminar" */ = {
			isa = XCConfigurationList;
			buildConfigurations = (
				D75477A12453FF28007D0E38 /* Debug */,
				D75477A22453FF28007D0E38 /* Release */,
			);
			defaultConfigurationIsVisible = 0;
			defaultConfigurationName = Release;
		};
		D75477A32453FF28007D0E38 /* Build configuration list for PBXNativeTarget "2ndSeminar" */ = {
			isa = XCConfigurationList;
			buildConfigurations = (
				D75477A42453FF28007D0E38 /* Debug */,
				D75477A52453FF28007D0E38 /* Release */,
			);
			defaultConfigurationIsVisible = 0;
			defaultConfigurationName = Release;
		};
		D75477A62453FF28007D0E38 /* Build configuration list for PBXNativeTarget "2ndSeminarTests" */ = {
			isa = XCConfigurationList;
			buildConfigurations = (
				D75477A72453FF28007D0E38 /* Debug */,
				D75477A82453FF28007D0E38 /* Release */,
			);
			defaultConfigurationIsVisible = 0;
			defaultConfigurationName = Release;
		};
		D75477A92453FF28007D0E38 /* Build configuration list for PBXNativeTarget "2ndSeminarUITests" */ = {
			isa = XCConfigurationList;
			buildConfigurations = (
				D75477AA2453FF28007D0E38 /* Debug */,
				D75477AB2453FF28007D0E38 /* Release */,
			);
			defaultConfigurationIsVisible = 0;
			defaultConfigurationName = Release;
		};
/* End XCConfigurationList section */
	};
	rootObject = D75477712453FF27007D0E38 /* Project object */;
}
